
Microsoft Visual Studio Solution File, Format Version 12.00
Project("{FAE04EC0-301F-11D3-BF4B-00C04F79EFBC}") = "Gsf.HandlebarsHelpers", "Gsf.HandlebarsHelpers\Gsf.HandlebarsHelpers.csproj", "{93BFBF53-BDB8-4371-AFCF-B7292FE1FD95}"
EndProject
Global
	GlobalSection(SolutionConfigurationPlatforms) = preSolution
		Debug|Any CPU = Debug|Any CPU
		Release|Any CPU = Release|Any CPU
	EndGlobalSection
	GlobalSection(ProjectConfigurationPlatforms) = postSolution
		{93BFBF53-BDB8-4371-AFCF-B7292FE1FD95}.Debug|Any CPU.ActiveCfg = Debug|Any CPU
		{93BFBF53-BDB8-4371-AFCF-B7292FE1FD95}.Debug|Any CPU.Build.0 = Debug|Any CPU
		{93BFBF53-BDB8-4371-AFCF-B7292FE1FD95}.Release|Any CPU.ActiveCfg = Release|Any CPU
		{93BFBF53-BDB8-4371-AFCF-B7292FE1FD95}.Release|Any CPU.Build.0 = Release|Any CPU
	EndGlobalSection
EndGlobal
